
Microsoft Visual Studio Solution File, Format Version 12.00
# Visual Studio 15
VisualStudioVersion = 15.0.27703.2000
MinimumVisualStudioVersion = 10.0.40219.1
Project("{FAE04EC0-301F-11D3-BF4B-00C04F79EFBC}") = "UnitTesting.Sample", "UnitTesting.Sample\UnitTesting.Sample.csproj", "{BDCD2464-477D-4E78-9E46-EF79E460FAE7}"
EndProject
Global
	GlobalSection(SolutionConfigurationPlatforms) = preSolution
		Debug|Any CPU = Debug|Any CPU
		Release|Any CPU = Release|Any CPU
	EndGlobalSection
	GlobalSection(ProjectConfigurationPlatforms) = postSolution
		{BDCD2464-477D-4E78-9E46-EF79E460FAE7}.Debug|Any CPU.ActiveCfg = Debug|Any CPU
		{BDCD2464-477D-4E78-9E46-EF79E460FAE7}.Debug|Any CPU.Build.0 = Debug|Any CPU
		{BDCD2464-477D-4E78-9E46-EF79E460FAE7}.Release|Any CPU.ActiveCfg = Release|Any CPU
		{BDCD2464-477D-4E78-9E46-EF79E460FAE7}.Release|Any CPU.Build.0 = Release|Any CPU
	EndGlobalSection
	GlobalSection(SolutionProperties) = preSolution
		HideSolutionNode = FALSE
	EndGlobalSection
	GlobalSection(ExtensibilityGlobals) = postSolution
		SolutionGuid = {BF05C70C-39A7-4C6C-B324-E2EB7A9A0B29}
	EndGlobalSection
EndGlobal
